// !$*UTF8*$!
{
	archiveVersion = 1;
	classes = {
	};
	objectVersion = 46;
	objects = {

/* Begin PBXBuildFile section */
		5F92C9B01CEBC03500129024 /* AppDelegate.swift in Sources */ = {isa = PBXBuildFile; fileRef = 5F92C9AF1CEBC03500129024 /* AppDelegate.swift */; };
		5F92C9B21CEBC03500129024 /* ViewController.swift in Sources */ = {isa = PBXBuildFile; fileRef = 5F92C9B11CEBC03500129024 /* ViewController.swift */; };
		5F92C9B51CEBC03500129024 /* Main.storyboard in Resources */ = {isa = PBXBuildFile; fileRef = 5F92C9B31CEBC03500129024 /* Main.storyboard */; };
		5F92C9B71CEBC03500129024 /* Assets.xcassets in Resources */ = {isa = PBXBuildFile; fileRef = 5F92C9B61CEBC03500129024 /* Assets.xcassets */; };
		5F92C9BA1CEBC03500129024 /* LaunchScreen.storyboard in Resources */ = {isa = PBXBuildFile; fileRef = 5F92C9B81CEBC03500129024 /* LaunchScreen.storyboard */; };
		5F92C9C51CEBC03500129024 /* DemoTests.swift in Sources */ = {isa = PBXBuildFile; fileRef = 5F92C9C41CEBC03500129024 /* DemoTests.swift */; };
		5F92C9D01CEBC03500129024 /* DemoUITests.swift in Sources */ = {isa = PBXBuildFile; fileRef = 5F92C9CF1CEBC03500129024 /* DemoUITests.swift */; };
/* End PBXBuildFile section */

/* Begin PBXContainerItemProxy section */
		5F92C9C11CEBC03500129024 /* PBXContainerItemProxy */ = {
			isa = PBXContainerItemProxy;
			containerPortal = 5F92C9A41CEBC03500129024 /* Project object */;
			proxyType = 1;
			remoteGlobalIDString = 5F92C9AB1CEBC03500129024;
			remoteInfo = Demo;
		};
		5F92C9CC1CEBC03500129024 /* PBXContainerItemProxy */ = {
			isa = PBXContainerItemProxy;
			containerPortal = 5F92C9A41CEBC03500129024 /* Project object */;
			proxyType = 1;
			remoteGlobalIDString = 5F92C9AB1CEBC03500129024;
			remoteInfo = Demo;
		};
/* End PBXContainerItemProxy section */

/* Begin PBXFileReference section */
		5F92C9AC1CEBC03500129024 /* Demo.app */ = {isa = PBXFileReference; explicitFileType = wrapper.application; includeInIndex = 0; path = Demo.app; sourceTree = BUILT_PRODUCTS_DIR; };
		5F92C9AF1CEBC03500129024 /* AppDelegate.swift */ = {isa = PBXFileReference; lastKnownFileType = sourcecode.swift; path = AppDelegate.swift; sourceTree = "<group>"; };
		5F92C9B11CEBC03500129024 /* ViewController.swift */ = {isa = PBXFileReference; lastKnownFileType = sourcecode.swift; path = ViewController.swift; sourceTree = "<group>"; };
		5F92C9B41CEBC03500129024 /* Base */ = {isa = PBXFileReference; lastKnownFileType = file.storyboard; name = Base; path = Base.lproj/Main.storyboard; sourceTree = "<group>"; };
		5F92C9B61CEBC03500129024 /* Assets.xcassets */ = {isa = PBXFileReference; lastKnownFileType = folder.assetcatalog; path = Assets.xcassets; sourceTree = "<group>"; };
		5F92C9B91CEBC03500129024 /* Base */ = {isa = PBXFileReference; lastKnownFileType = file.storyboard; name = Base; path = Base.lproj/LaunchScreen.storyboard; sourceTree = "<group>"; };
		5F92C9BB1CEBC03500129024 /* Info.plist */ = {isa = PBXFileReference; lastKnownFileType = text.plist.xml; path = Info.plist; sourceTree = "<group>"; };
		5F92C9C01CEBC03500129024 /* DemoTests.xctest */ = {isa = PBXFileReference; explicitFileType = wrapper.cfbundle; includeInIndex = 0; path = DemoTests.xctest; sourceTree = BUILT_PRODUCTS_DIR; };
		5F92C9C41CEBC03500129024 /* DemoTests.swift */ = {isa = PBXFileReference; lastKnownFileType = sourcecode.swift; path = DemoTests.swift; sourceTree = "<group>"; };
		5F92C9C61CEBC03500129024 /* Info.plist */ = {isa = PBXFileReference; lastKnownFileType = text.plist.xml; path = Info.plist; sourceTree = "<group>"; };
		5F92C9CB1CEBC03500129024 /* DemoUITests.xctest */ = {isa = PBXFileReference; explicitFileType = wrapper.cfbundle; includeInIndex = 0; path = DemoUITests.xctest; sourceTree = BUILT_PRODUCTS_DIR; };
		5F92C9CF1CEBC03500129024 /* DemoUITests.swift */ = {isa = PBXFileReference; lastKnownFileType = sourcecode.swift; path = DemoUITests.swift; sourceTree = "<group>"; };
		5F92C9D11CEBC03500129024 /* Info.plist */ = {isa = PBXFileReference; lastKnownFileType = text.plist.xml; path = Info.plist; sourceTree = "<group>"; };
/* End PBXFileReference section */

/* Begin PBXFrameworksBuildPhase section */
		5F92C9A91CEBC03500129024 /* Frameworks */ = {
			isa = PBXFrameworksBuildPhase;
			buildActionMask = 2147483647;
			files = (
			);
			runOnlyForDeploymentPostprocessing = 0;
		};
		5F92C9BD1CEBC03500129024 /* Frameworks */ = {
			isa = PBXFrameworksBuildPhase;
			buildActionMask = 2147483647;
			files = (
			);
			runOnlyForDeploymentPostprocessing = 0;
		};
		5F92C9C81CEBC03500129024 /* Frameworks */ = {
			isa = PBXFrameworksBuildPhase;
			buildActionMask = 2147483647;
			files = (
			);
			runOnlyForDeploymentPostprocessing = 0;
		};
/* End PBXFrameworksBuildPhase section */

/* Begin PBXGroup section */
		5F92C9A31CEBC03500129024 = {
			isa = PBXGroup;
			children = (
				5F92C9AE1CEBC03500129024 /* Demo */,
				5F92C9C31CEBC03500129024 /* DemoTests */,
				5F92C9CE1CEBC03500129024 /* DemoUITests */,
				5F92C9AD1CEBC03500129024 /* Products */,
			);
			sourceTree = "<group>";
		};
		5F92C9AD1CEBC03500129024 /* Products */ = {
			isa = PBXGroup;
			children = (
				5F92C9AC1CEBC03500129024 /* Demo.app */,
				5F92C9C01CEBC03500129024 /* DemoTests.xctest */,
				5F92C9CB1CEBC03500129024 /* DemoUITests.xctest */,
			);
			name = Products;
			sourceTree = "<group>";
		};
		5F92C9AE1CEBC03500129024 /* Demo */ = {
			isa = PBXGroup;
			children = (
				5F92C9AF1CEBC03500129024 /* AppDelegate.swift */,
				5F92C9B11CEBC03500129024 /* ViewController.swift */,
				5F92C9B31CEBC03500129024 /* Main.storyboard */,
				5F92C9B61CEBC03500129024 /* Assets.xcassets */,
				5F92C9B81CEBC03500129024 /* LaunchScreen.storyboard */,
				5F92C9BB1CEBC03500129024 /* Info.plist */,
			);
			path = Demo;
			sourceTree = "<group>";
		};
		5F92C9C31CEBC03500129024 /* DemoTests */ = {
			isa = PBXGroup;
			children = (
				5F92C9C41CEBC03500129024 /* DemoTests.swift */,
				5F92C9C61CEBC03500129024 /* Info.plist */,
			);
			path = DemoTests;
			sourceTree = "<group>";
		};
		5F92C9CE1CEBC03500129024 /* DemoUITests */ = {
			isa = PBXGroup;
			children = (
				5F92C9CF1CEBC03500129024 /* DemoUITests.swift */,
				5F92C9D11CEBC03500129024 /* Info.plist */,
			);
			path = DemoUITests;
			sourceTree = "<group>";
		};
/* End PBXGroup section */

/* Begin PBXNativeTarget section */
		5F92C9AB1CEBC03500129024 /* Demo */ = {
			isa = PBXNativeTarget;
			buildConfigurationList = 5F92C9D41CEBC03500129024 /* Build configuration list for PBXNativeTarget "Demo" */;
			buildPhases = (
				5F92C9A81CEBC03500129024 /* Sources */,
				5F92C9A91CEBC03500129024 /* Frameworks */,
				5F92C9AA1CEBC03500129024 /* Resources */,
			);
			buildRules = (
			);
			dependencies = (
			);
			name = Demo;
			productName = Demo;
			productReference = 5F92C9AC1CEBC03500129024 /* Demo.app */;
			productType = "com.apple.product-type.application";
		};
		5F92C9BF1CEBC03500129024 /* DemoTests */ = {
			isa = PBXNativeTarget;
			buildConfigurationList = 5F92C9D71CEBC03500129024 /* Build configuration list for PBXNativeTarget "DemoTests" */;
			buildPhases = (
				5F92C9BC1CEBC03500129024 /* Sources */,
				5F92C9BD1CEBC03500129024 /* Frameworks */,
				5F92C9BE1CEBC03500129024 /* Resources */,
			);
			buildRules = (
			);
			dependencies = (
				5F92C9C21CEBC03500129024 /* PBXTargetDependency */,
			);
			name = DemoTests;
			productName = DemoTests;
			productReference = 5F92C9C01CEBC03500129024 /* DemoTests.xctest */;
			productType = "com.apple.product-type.bundle.unit-test";
		};
		5F92C9CA1CEBC03500129024 /* DemoUITests */ = {
			isa = PBXNativeTarget;
			buildConfigurationList = 5F92C9DA1CEBC03500129024 /* Build configuration list for PBXNativeTarget "DemoUITests" */;
			buildPhases = (
				5F92C9C71CEBC03500129024 /* Sources */,
				5F92C9C81CEBC03500129024 /* Frameworks */,
				5F92C9C91CEBC03500129024 /* Resources */,
			);
			buildRules = (
			);
			dependencies = (
				5F92C9CD1CEBC03500129024 /* PBXTargetDependency */,
			);
			name = DemoUITests;
			productName = DemoUITests;
			productReference = 5F92C9CB1CEBC03500129024 /* DemoUITests.xctest */;
			productType = "com.apple.product-type.bundle.ui-testing";
		};
/* End PBXNativeTarget section */

/* Begin PBXProject section */
		5F92C9A41CEBC03500129024 /* Project object */ = {
			isa = PBXProject;
			attributes = {
				LastSwiftUpdateCheck = 0730;
				LastUpgradeCheck = 0730;
				ORGANIZATIONNAME = "Dan Dunareanu";
				TargetAttributes = {
					5F92C9AB1CEBC03500129024 = {
						CreatedOnToolsVersion = 7.3.1;
					};
					5F92C9BF1CEBC03500129024 = {
						CreatedOnToolsVersion = 7.3.1;
						TestTargetID = 5F92C9AB1CEBC03500129024;
					};
					5F92C9CA1CEBC03500129024 = {
						CreatedOnToolsVersion = 7.3.1;
						TestTargetID = 5F92C9AB1CEBC03500129024;
					};
				};
			};
			buildConfigurationList = 5F92C9A71CEBC03500129024 /* Build configuration list for PBXProject "Demo" */;
			compatibilityVersion = "Xcode 3.2";
			developmentRegion = English;
			hasScannedForEncodings = 0;
			knownRegions = (
				en,
				Base,
			);
			mainGroup = 5F92C9A31CEBC03500129024;
			productRefGroup = 5F92C9AD1CEBC03500129024 /* Products */;
			projectDirPath = "";
			projectRoot = "";
			targets = (
				5F92C9AB1CEBC03500129024 /* Demo */,
				5F92C9BF1CEBC03500129024 /* DemoTests */,
				5F92C9CA1CEBC03500129024 /* DemoUITests */,
			);
		};
/* End PBXProject section */

/* Begin PBXResourcesBuildPhase section */
		5F92C9AA1CEBC03500129024 /* Resources */ = {
			isa = PBXResourcesBuildPhase;
			buildActionMask = 2147483647;
			files = (
				5F92C9BA1CEBC03500129024 /* LaunchScreen.storyboard in Resources */,
				5F92C9B71CEBC03500129024 /* Assets.xcassets in Resources */,
				5F92C9B51CEBC03500129024 /* Main.storyboard in Resources */,
			);
			runOnlyForDeploymentPostprocessing = 0;
		};
		5F92C9BE1CEBC03500129024 /* Resources */ = {
			isa = PBXResourcesBuildPhase;
			buildActionMask = 2147483647;
			files = (
			);
			runOnlyForDeploymentPostprocessing = 0;
		};
		5F92C9C91CEBC03500129024 /* Resources */ = {
			isa = PBXResourcesBuildPhase;
			buildActionMask = 2147483647;
			files = (
			);
			runOnlyForDeploymentPostprocessing = 0;
		};
/* End PBXResourcesBuildPhase section */

/* Begin PBXSourcesBuildPhase section */
		5F92C9A81CEBC03500129024 /* Sources */ = {
			isa = PBXSourcesBuildPhase;
			buildActionMask = 2147483647;
			files = (
				5F92C9B21CEBC03500129024 /* ViewController.swift in Sources */,
				5F92C9B01CEBC03500129024 /* AppDelegate.swift in Sources */,
			);
			runOnlyForDeploymentPostprocessing = 0;
		};
		5F92C9BC1CEBC03500129024 /* Sources */ = {
			isa = PBXSourcesBuildPhase;
			buildActionMask = 2147483647;
			files = (
				5F92C9C51CEBC03500129024 /* DemoTests.swift in Sources */,
			);
			runOnlyForDeploymentPostprocessing = 0;
		};
		5F92C9C71CEBC03500129024 /* Sources */ = {
			isa = PBXSourcesBuildPhase;
			buildActionMask = 2147483647;
			files = (
				5F92C9D01CEBC03500129024 /* DemoUITests.swift in Sources */,
			);
			runOnlyForDeploymentPostprocessing = 0;
		};
/* End PBXSourcesBuildPhase section */

/* Begin PBXTargetDependency section */
		5F92C9C21CEBC03500129024 /* PBXTargetDependency */ = {
			isa = PBXTargetDependency;
			target = 5F92C9AB1CEBC03500129024 /* Demo */;
			targetProxy = 5F92C9C11CEBC03500129024 /* PBXContainerItemProxy */;
		};
		5F92C9CD1CEBC03500129024 /* PBXTargetDependency */ = {
			isa = PBXTargetDependency;
			target = 5F92C9AB1CEBC03500129024 /* Demo */;
			targetProxy = 5F92C9CC1CEBC03500129024 /* PBXContainerItemProxy */;
		};
/* End PBXTargetDependency section */

/* Begin PBXVariantGroup section */
		5F92C9B31CEBC03500129024 /* Main.storyboard */ = {
			isa = PBXVariantGroup;
			children = (
				5F92C9B41CEBC03500129024 /* Base */,
			);
			name = Main.storyboard;
			sourceTree = "<group>";
		};
		5F92C9B81CEBC03500129024 /* LaunchScreen.storyboard */ = {
			isa = PBXVariantGroup;
			children = (
				5F92C9B91CEBC03500129024 /* Base */,
			);
			name = LaunchScreen.storyboard;
			sourceTree = "<group>";
		};
/* End PBXVariantGroup section */

/* Begin XCBuildConfiguration section */
		5F92C9D21CEBC03500129024 /* Debug */ = {
			isa = XCBuildConfiguration;
			buildSettings = {
				ALWAYS_SEARCH_USER_PATHS = NO;
				CLANG_ANALYZER_NONNULL = YES;
				CLANG_CXX_LANGUAGE_STANDARD = "gnu++0x";
				CLANG_CXX_LIBRARY = "libc++";
				CLANG_ENABLE_MODULES = YES;
				CLANG_ENABLE_OBJC_ARC = YES;
				CLANG_WARN_BOOL_CONVERSION = YES;
				CLANG_WARN_CONSTANT_CONVERSION = YES;
				CLANG_WARN_DIRECT_OBJC_ISA_USAGE = YES_ERROR;
				CLANG_WARN_EMPTY_BODY = YES;
				CLANG_WARN_ENUM_CONVERSION = YES;
				CLANG_WARN_INT_CONVERSION = YES;
				CLANG_WARN_OBJC_ROOT_CLASS = YES_ERROR;
				CLANG_WARN_UNREACHABLE_CODE = YES;
				CLANG_WARN__DUPLICATE_METHOD_MATCH = YES;
				"CODE_SIGN_IDENTITY[sdk=iphoneos*]" = "iPhone Developer";
				COPY_PHASE_STRIP = NO;
				DEBUG_INFORMATION_FORMAT = dwarf;
				ENABLE_STRICT_OBJC_MSGSEND = YES;
				ENABLE_TESTABILITY = YES;
				GCC_C_LANGUAGE_STANDARD = gnu99;
				GCC_DYNAMIC_NO_PIC = NO;
				GCC_NO_COMMON_BLOCKS = YES;
				GCC_OPTIMIZATION_LEVEL = 0;
				GCC_PREPROCESSOR_DEFINITIONS = (
					"DEBUG=1",
					"$(inherited)",
				);
				GCC_WARN_64_TO_32_BIT_CONVERSION = YES;
				GCC_WARN_ABOUT_RETURN_TYPE = YES_ERROR;
				GCC_WARN_UNDECLARED_SELECTOR = YES;
				GCC_WARN_UNINITIALIZED_AUTOS = YES_AGGRESSIVE;
				GCC_WARN_UNUSED_FUNCTION = YES;
				GCC_WARN_UNUSED_VARIABLE = YES;
				IPHONEOS_DEPLOYMENT_TARGET = 9.3;
				MTL_ENABLE_DEBUG_INFO = YES;
				ONLY_ACTIVE_ARCH = YES;
				SDKROOT = iphoneos;
				SWIFT_OPTIMIZATION_LEVEL = "-Onone";
				TARGETED_DEVICE_FAMILY = "1,2";
			};
			name = Debug;
		};
		5F92C9D31CEBC03500129024 /* Release */ = {
			isa = XCBuildConfiguration;
			buildSettings = {
				ALWAYS_SEARCH_USER_PATHS = NO;
				CLANG_ANALYZER_NONNULL = YES;
				CLANG_CXX_LANGUAGE_STANDARD = "gnu++0x";
				CLANG_CXX_LIBRARY = "libc++";
				CLANG_ENABLE_MODULES = YES;
				CLANG_ENABLE_OBJC_ARC = YES;
				CLANG_WARN_BOOL_CONVERSION = YES;
				CLANG_WARN_CONSTANT_CONVERSION = YES;
				CLANG_WARN_DIRECT_OBJC_ISA_USAGE = YES_ERROR;
				CLANG_WARN_EMPTY_BODY = YES;
				CLANG_WARN_ENUM_CONVERSION = YES;
				CLANG_WARN_INT_CONVERSION = YES;
				CLANG_WARN_OBJC_ROOT_CLASS = YES_ERROR;
				CLANG_WARN_UNREACHABLE_CODE = YES;
				CLANG_WARN__DUPLICATE_METHOD_MATCH = YES;
				"CODE_SIGN_IDENTITY[sdk=iphoneos*]" = "iPhone Developer";
				COPY_PHASE_STRIP = NO;
				DEBUG_INFORMATION_FORMAT = "dwarf-with-dsym";
				ENABLE_NS_ASSERTIONS = NO;
				ENABLE_STRICT_OBJC_MSGSEND = YES;
				GCC_C_LANGUAGE_STANDARD = gnu99;
				GCC_NO_COMMON_BLOCKS = YES;
				GCC_WARN_64_TO_32_BIT_CONVERSION = YES;
				GCC_WARN_ABOUT_RETURN_TYPE = YES_ERROR;
				GCC_WARN_UNDECLARED_SELECTOR = YES;
				GCC_WARN_UNINITIALIZED_AUTOS = YES_AGGRESSIVE;
				GCC_WARN_UNUSED_FUNCTION = YES;
				GCC_WARN_UNUSED_VARIABLE = YES;
				IPHONEOS_DEPLOYMENT_TARGET = 9.3;
				MTL_ENABLE_DEBUG_INFO = NO;
				SDKROOT = iphoneos;
				TARGETED_DEVICE_FAMILY = "1,2";
				VALIDATE_PRODUCT = YES;
			};
			name = Release;
		};
		5F92C9D51CEBC03500129024 /* Debug */ = {
			isa = XCBuildConfiguration;
			buildSettings = {
				ASSETCATALOG_COMPILER_APPICON_NAME = AppIcon;
				INFOPLIST_FILE = Demo/Info.plist;
				LD_RUNPATH_SEARCH_PATHS = "$(inherited) @executable_path/Frameworks";
				PRODUCT_BUNDLE_IDENTIFIER = com.wayontec.Demo;
				PRODUCT_NAME = "$(TARGET_NAME)";
			};
			name = Debug;
		};
		5F92C9D61CEBC03500129024 /* Release */ = {
			isa = XCBuildConfiguration;
			buildSettings = {
				ASSETCATALOG_COMPILER_APPICON_NAME = AppIcon;
				INFOPLIST_FILE = Demo/Info.plist;
				LD_RUNPATH_SEARCH_PATHS = "$(inherited) @executable_path/Frameworks";
				PRODUCT_BUNDLE_IDENTIFIER = com.wayontec.Demo;
				PRODUCT_NAME = "$(TARGET_NAME)";
			};
			name = Release;
		};
		5F92C9D81CEBC03500129024 /* Debug */ = {
			isa = XCBuildConfiguration;
			buildSettings = {
				BUNDLE_LOADER = "$(TEST_HOST)";
				INFOPLIST_FILE = DemoTests/Info.plist;
				LD_RUNPATH_SEARCH_PATHS = "$(inherited) @executable_path/Frameworks @loader_path/Frameworks";
				PRODUCT_BUNDLE_IDENTIFIER = com.wayontec.DemoTests;
				PRODUCT_NAME = "$(TARGET_NAME)";
				TEST_HOST = "$(BUILT_PRODUCTS_DIR)/Demo.app/Demo";
			};
			name = Debug;
		};
		5F92C9D91CEBC03500129024 /* Release */ = {
			isa = XCBuildConfiguration;
			buildSettings = {
				BUNDLE_LOADER = "$(TEST_HOST)";
				INFOPLIST_FILE = DemoTests/Info.plist;
				LD_RUNPATH_SEARCH_PATHS = "$(inherited) @executable_path/Frameworks @loader_path/Frameworks";
				PRODUCT_BUNDLE_IDENTIFIER = com.wayontec.DemoTests;
				PRODUCT_NAME = "$(TARGET_NAME)";
				TEST_HOST = "$(BUILT_PRODUCTS_DIR)/Demo.app/Demo";
			};
			name = Release;
		};
		5F92C9DB1CEBC03500129024 /* Debug */ = {
			isa = XCBuildConfiguration;
			buildSettings = {
				INFOPLIST_FILE = DemoUITests/Info.plist;
				LD_RUNPATH_SEARCH_PATHS = "$(inherited) @executable_path/Frameworks @loader_path/Frameworks";
				PRODUCT_BUNDLE_IDENTIFIER = com.wayontec.DemoUITests;
				PRODUCT_NAME = "$(TARGET_NAME)";
				TEST_TARGET_NAME = Demo;
			};
			name = Debug;
		};
		5F92C9DC1CEBC03500129024 /* Release */ = {
			isa = XCBuildConfiguration;
			buildSettings = {
				INFOPLIST_FILE = DemoUITests/Info.plist;
				LD_RUNPATH_SEARCH_PATHS = "$(inherited) @executable_path/Frameworks @loader_path/Frameworks";
				PRODUCT_BUNDLE_IDENTIFIER = com.wayontec.DemoUITests;
				PRODUCT_NAME = "$(TARGET_NAME)";
				TEST_TARGET_NAME = Demo;
			};
			name = Release;
		};
/* End XCBuildConfiguration section */

/* Begin XCConfigurationList section */
		5F92C9A71CEBC03500129024 /* Build configuration list for PBXProject "Demo" */ = {
			isa = XCConfigurationList;
			buildConfigurations = (
				5F92C9D21CEBC03500129024 /* Debug */,
				5F92C9D31CEBC03500129024 /* Release */,
			);
			defaultConfigurationIsVisible = 0;
			defaultConfigurationName = Release;
		};
		5F92C9D41CEBC03500129024 /* Build configuration list for PBXNativeTarget "Demo" */ = {
			isa = XCConfigurationList;
			buildConfigurations = (
				5F92C9D51CEBC03500129024 /* Debug */,
				5F92C9D61CEBC03500129024 /* Release */,
			);
			defaultConfigurationIsVisible = 0;
		};
		5F92C9D71CEBC03500129024 /* Build configuration list for PBXNativeTarget "DemoTests" */ = {
			isa = XCConfigurationList;
			buildConfigurations = (
				5F92C9D81CEBC03500129024 /* Debug */,
				5F92C9D91CEBC03500129024 /* Release */,
			);
			defaultConfigurationIsVisible = 0;
		};
		5F92C9DA1CEBC03500129024 /* Build configuration list for PBXNativeTarget "DemoUITests" */ = {
			isa = XCConfigurationList;
			buildConfigurations = (
				5F92C9DB1CEBC03500129024 /* Debug */,
				5F92C9DC1CEBC03500129024 /* Release */,
			);
			defaultConfigurationIsVisible = 0;
		};
/* End XCConfigurationList section */
	};
	rootObject = 5F92C9A41CEBC03500129024 /* Project object */;
}
